
Microsoft Visual Studio Solution File, Format Version 12.00
# Visual Studio Version 17
VisualStudioVersion = 17.13.35818.85 d17.13
MinimumVisualStudioVersion = 10.0.40219.1
Project("{FAE04EC0-301F-11D3-BF4B-00C04F79EFBC}") = "MainApp", "MainApp\MainApp.csproj", "{2D8F003A-5121-45CD-B64A-1114C5795133}"
EndProject
Project("{FAE04EC0-301F-11D3-BF4B-00C04F79EFBC}") = "Business", "Bussiness\Business.csproj", "{9C56E7F9-B476-45E6-88EB-FF8E342967CE}"
EndProject
Project("{FAE04EC0-301F-11D3-BF4B-00C04F79EFBC}") = "Infrastructure", "Infrastructure\Infrastructure.csproj", "{47BA6BEC-CB80-4415-8A7C-65DAE312C2FE}"
EndProject
Global
	GlobalSection(SolutionConfigurationPlatforms) = preSolution
		Debug|Any CPU = Debug|Any CPU
		Release|Any CPU = Release|Any CPU
	EndGlobalSection
	GlobalSection(ProjectConfigurationPlatforms) = postSolution
		{2D8F003A-5121-45CD-B64A-1114C5795133}.Debug|Any CPU.ActiveCfg = Debug|Any CPU
		{2D8F003A-5121-45CD-B64A-1114C5795133}.Debug|Any CPU.Build.0 = Debug|Any CPU
		{2D8F003A-5121-45CD-B64A-1114C5795133}.Release|Any CPU.ActiveCfg = Release|Any CPU
		{2D8F003A-5121-45CD-B64A-1114C5795133}.Release|Any CPU.Build.0 = Release|Any CPU
		{9C56E7F9-B476-45E6-88EB-FF8E342967CE}.Debug|Any CPU.ActiveCfg = Debug|Any CPU
		{9C56E7F9-B476-45E6-88EB-FF8E342967CE}.Debug|Any CPU.Build.0 = Debug|Any CPU
		{9C56E7F9-B476-45E6-88EB-FF8E342967CE}.Release|Any CPU.ActiveCfg = Release|Any CPU
		{9C56E7F9-B476-45E6-88EB-FF8E342967CE}.Release|Any CPU.Build.0 = Release|Any CPU
		{47BA6BEC-CB80-4415-8A7C-65DAE312C2FE}.Debug|Any CPU.ActiveCfg = Debug|Any CPU
		{47BA6BEC-CB80-4415-8A7C-65DAE312C2FE}.Debug|Any CPU.Build.0 = Debug|Any CPU
		{47BA6BEC-CB80-4415-8A7C-65DAE312C2FE}.Release|Any CPU.ActiveCfg = Release|Any CPU
		{47BA6BEC-CB80-4415-8A7C-65DAE312C2FE}.Release|Any CPU.Build.0 = Release|Any CPU
	EndGlobalSection
	GlobalSection(SolutionProperties) = preSolution
		HideSolutionNode = FALSE
	EndGlobalSection
	GlobalSection(ExtensibilityGlobals) = postSolution
		SolutionGuid = {B4ED7AD1-6F4B-4C31-8CD0-90BC3655A702}
	EndGlobalSection
EndGlobal
